// !$*UTF8*$!
{
	archiveVersion = 1;
	classes = {
	};
	objectVersion = 50;
	objects = {

/* Begin PBXBuildFile section */
		C587B5412660CE4900E3DC3A /* ButtonsApp.swift in Sources */ = {isa = PBXBuildFile; fileRef = C587B5402660CE4900E3DC3A /* ButtonsApp.swift */; };
		C587B5432660CE4900E3DC3A /* ContentView.swift in Sources */ = {isa = PBXBuildFile; fileRef = C587B5422660CE4900E3DC3A /* ContentView.swift */; };
		C587B5452660CE4A00E3DC3A /* Assets.xcassets in Resources */ = {isa = PBXBuildFile; fileRef = C587B5442660CE4A00E3DC3A /* Assets.xcassets */; };
		C587B5482660CE4A00E3DC3A /* Preview Assets.xcassets in Resources */ = {isa = PBXBuildFile; fileRef = C587B5472660CE4A00E3DC3A /* Preview Assets.xcassets */; };
		C592949D26899EE100C4ED41 /* Neographism_White.swift in Sources */ = {isa = PBXBuildFile; fileRef = C592949C26899EE100C4ED41 /* Neographism_White.swift */; };
		C592949F26899FCB00C4ED41 /* Skeu_Blue.swift in Sources */ = {isa = PBXBuildFile; fileRef = C592949E26899FCB00C4ED41 /* Skeu_Blue.swift */; };
		C59294A12689A02B00C4ED41 /* Dark_Choco.swift in Sources */ = {isa = PBXBuildFile; fileRef = C59294A02689A02B00C4ED41 /* Dark_Choco.swift */; };
		C59294A32689A05200C4ED41 /* Glassy_Purple.swift in Sources */ = {isa = PBXBuildFile; fileRef = C59294A22689A05200C4ED41 /* Glassy_Purple.swift */; };
		C59294A52689A09000C4ED41 /* SolidShadow_Pink.swift in Sources */ = {isa = PBXBuildFile; fileRef = C59294A42689A09000C4ED41 /* SolidShadow_Pink.swift */; };
/* End PBXBuildFile section */

/* Begin PBXFileReference section */
		C587B53D2660CE4900E3DC3A /* Buttons.app */ = {isa = PBXFileReference; explicitFileType = wrapper.application; includeInIndex = 0; path = Buttons.app; sourceTree = BUILT_PRODUCTS_DIR; };
		C587B5402660CE4900E3DC3A /* ButtonsApp.swift */ = {isa = PBXFileReference; lastKnownFileType = sourcecode.swift; path = ButtonsApp.swift; sourceTree = "<group>"; };
		C587B5422660CE4900E3DC3A /* ContentView.swift */ = {isa = PBXFileReference; lastKnownFileType = sourcecode.swift; path = ContentView.swift; sourceTree = "<group>"; };
		C587B5442660CE4A00E3DC3A /* Assets.xcassets */ = {isa = PBXFileReference; lastKnownFileType = folder.assetcatalog; path = Assets.xcassets; sourceTree = "<group>"; };
		C587B5472660CE4A00E3DC3A /* Preview Assets.xcassets */ = {isa = PBXFileReference; lastKnownFileType = folder.assetcatalog; path = "Preview Assets.xcassets"; sourceTree = "<group>"; };
		C587B5492660CE4A00E3DC3A /* Info.plist */ = {isa = PBXFileReference; lastKnownFileType = text.plist.xml; path = Info.plist; sourceTree = "<group>"; };
		C592949C26899EE100C4ED41 /* Neographism_White.swift */ = {isa = PBXFileReference; lastKnownFileType = sourcecode.swift; path = Neographism_White.swift; sourceTree = "<group>"; };
		C592949E26899FCB00C4ED41 /* Skeu_Blue.swift */ = {isa = PBXFileReference; lastKnownFileType = sourcecode.swift; path = Skeu_Blue.swift; sourceTree = "<group>"; };
		C59294A02689A02B00C4ED41 /* Dark_Choco.swift */ = {isa = PBXFileReference; lastKnownFileType = sourcecode.swift; path = Dark_Choco.swift; sourceTree = "<group>"; };
		C59294A22689A05200C4ED41 /* Glassy_Purple.swift */ = {isa = PBXFileReference; lastKnownFileType = sourcecode.swift; path = Glassy_Purple.swift; sourceTree = "<group>"; };
		C59294A42689A09000C4ED41 /* SolidShadow_Pink.swift */ = {isa = PBXFileReference; lastKnownFileType = sourcecode.swift; path = SolidShadow_Pink.swift; sourceTree = "<group>"; };
/* End PBXFileReference section */

/* Begin PBXFrameworksBuildPhase section */
		C587B53A2660CE4900E3DC3A /* Frameworks */ = {
			isa = PBXFrameworksBuildPhase;
			buildActionMask = 2147483647;
			files = (
			);
			runOnlyForDeploymentPostprocessing = 0;
		};
/* End PBXFrameworksBuildPhase section */

/* Begin PBXGroup section */
		C587B5342660CE4900E3DC3A = {
			isa = PBXGroup;
			children = (
				C587B53F2660CE4900E3DC3A /* Buttons */,
				C587B53E2660CE4900E3DC3A /* Products */,
			);
			sourceTree = "<group>";
		};
		C587B53E2660CE4900E3DC3A /* Products */ = {
			isa = PBXGroup;
			children = (
				C587B53D2660CE4900E3DC3A /* Buttons.app */,
			);
			name = Products;
			sourceTree = "<group>";
		};
		C587B53F2660CE4900E3DC3A /* Buttons */ = {
			isa = PBXGroup;
			children = (
				C587B5402660CE4900E3DC3A /* ButtonsApp.swift */,
				C587B5422660CE4900E3DC3A /* ContentView.swift */,
				C59294A42689A09000C4ED41 /* SolidShadow_Pink.swift */,
				C59294A22689A05200C4ED41 /* Glassy_Purple.swift */,
				C59294A02689A02B00C4ED41 /* Dark_Choco.swift */,
				C592949E26899FCB00C4ED41 /* Skeu_Blue.swift */,
				C592949C26899EE100C4ED41 /* Neographism_White.swift */,
				C587B5442660CE4A00E3DC3A /* Assets.xcassets */,
				C587B5492660CE4A00E3DC3A /* Info.plist */,
				C587B5462660CE4A00E3DC3A /* Preview Content */,
			);
			path = Buttons;
			sourceTree = "<group>";
		};
		C587B5462660CE4A00E3DC3A /* Preview Content */ = {
			isa = PBXGroup;
			children = (
				C587B5472660CE4A00E3DC3A /* Preview Assets.xcassets */,
			);
			path = "Preview Content";
			sourceTree = "<group>";
		};
/* End PBXGroup section */

/* Begin PBXNativeTarget section */
		C587B53C2660CE4900E3DC3A /* Buttons */ = {
			isa = PBXNativeTarget;
			buildConfigurationList = C587B54C2660CE4A00E3DC3A /* Build configuration list for PBXNativeTarget "Buttons" */;
			buildPhases = (
				C587B5392660CE4900E3DC3A /* Sources */,
				C587B53A2660CE4900E3DC3A /* Frameworks */,
				C587B53B2660CE4900E3DC3A /* Resources */,
			);
			buildRules = (
			);
			dependencies = (
			);
			name = Buttons;
			productName = Buttons;
			productReference = C587B53D2660CE4900E3DC3A /* Buttons.app */;
			productType = "com.apple.product-type.application";
		};
/* End PBXNativeTarget section */

/* Begin PBXProject section */
		C587B5352660CE4900E3DC3A /* Project object */ = {
			isa = PBXProject;
			attributes = {
				LastSwiftUpdateCheck = 1250;
				LastUpgradeCheck = 1250;
				TargetAttributes = {
					C587B53C2660CE4900E3DC3A = {
						CreatedOnToolsVersion = 12.5;
					};
				};
			};
			buildConfigurationList = C587B5382660CE4900E3DC3A /* Build configuration list for PBXProject "Buttons" */;
			compatibilityVersion = "Xcode 9.3";
			developmentRegion = en;
			hasScannedForEncodings = 0;
			knownRegions = (
				en,
				Base,
			);
			mainGroup = C587B5342660CE4900E3DC3A;
			productRefGroup = C587B53E2660CE4900E3DC3A /* Products */;
			projectDirPath = "";
			projectRoot = "";
			targets = (
				C587B53C2660CE4900E3DC3A /* Buttons */,
			);
		};
/* End PBXProject section */

/* Begin PBXResourcesBuildPhase section */
		C587B53B2660CE4900E3DC3A /* Resources */ = {
			isa = PBXResourcesBuildPhase;
			buildActionMask = 2147483647;
			files = (
				C587B5482660CE4A00E3DC3A /* Preview Assets.xcassets in Resources */,
				C587B5452660CE4A00E3DC3A /* Assets.xcassets in Resources */,
			);
			runOnlyForDeploymentPostprocessing = 0;
		};
/* End PBXResourcesBuildPhase section */

/* Begin PBXSourcesBuildPhase section */
		C587B5392660CE4900E3DC3A /* Sources */ = {
			isa = PBXSourcesBuildPhase;
			buildActionMask = 2147483647;
			files = (
				C592949D26899EE100C4ED41 /* Neographism_White.swift in Sources */,
				C592949F26899FCB00C4ED41 /* Skeu_Blue.swift in Sources */,
				C587B5432660CE4900E3DC3A /* ContentView.swift in Sources */,
				C59294A12689A02B00C4ED41 /* Dark_Choco.swift in Sources */,
				C59294A52689A09000C4ED41 /* SolidShadow_Pink.swift in Sources */,
				C59294A32689A05200C4ED41 /* Glassy_Purple.swift in Sources */,
				C587B5412660CE4900E3DC3A /* ButtonsApp.swift in Sources */,
			);
			runOnlyForDeploymentPostprocessing = 0;
		};
/* End PBXSourcesBuildPhase section */

/* Begin XCBuildConfiguration section */
		C587B54A2660CE4A00E3DC3A /* Debug */ = {
			isa = XCBuildConfiguration;
			buildSettings = {
				ALWAYS_SEARCH_USER_PATHS = NO;
				CLANG_ANALYZER_NONNULL = YES;
				CLANG_ANALYZER_NUMBER_OBJECT_CONVERSION = YES_AGGRESSIVE;
				CLANG_CXX_LANGUAGE_STANDARD = "gnu++14";
				CLANG_CXX_LIBRARY = "libc++";
				CLANG_ENABLE_MODULES = YES;
				CLANG_ENABLE_OBJC_ARC = YES;
				CLANG_ENABLE_OBJC_WEAK = YES;
				CLANG_WARN_BLOCK_CAPTURE_AUTORELEASING = YES;
				CLANG_WARN_BOOL_CONVERSION = YES;
				CLANG_WARN_COMMA = YES;
				CLANG_WARN_CONSTANT_CONVERSION = YES;
				CLANG_WARN_DEPRECATED_OBJC_IMPLEMENTATIONS = YES;
				CLANG_WARN_DIRECT_OBJC_ISA_USAGE = YES_ERROR;
				CLANG_WARN_DOCUMENTATION_COMMENTS = YES;
				CLANG_WARN_EMPTY_BODY = YES;
				CLANG_WARN_ENUM_CONVERSION = YES;
				CLANG_WARN_INFINITE_RECURSION = YES;
				CLANG_WARN_INT_CONVERSION = YES;
				CLANG_WARN_NON_LITERAL_NULL_CONVERSION = YES;
				CLANG_WARN_OBJC_IMPLICIT_RETAIN_SELF = YES;
				CLANG_WARN_OBJC_LITERAL_CONVERSION = YES;
				CLANG_WARN_OBJC_ROOT_CLASS = YES_ERROR;
				CLANG_WARN_QUOTED_INCLUDE_IN_FRAMEWORK_HEADER = YES;
				CLANG_WARN_RANGE_LOOP_ANALYSIS = YES;
				CLANG_WARN_STRICT_PROTOTYPES = YES;
				CLANG_WARN_SUSPICIOUS_MOVE = YES;
				CLANG_WARN_UNGUARDED_AVAILABILITY = YES_AGGRESSIVE;
				CLANG_WARN_UNREACHABLE_CODE = YES;
				CLANG_WARN__DUPLICATE_METHOD_MATCH = YES;
				COPY_PHASE_STRIP = NO;
				DEBUG_INFORMATION_FORMAT = dwarf;
				ENABLE_STRICT_OBJC_MSGSEND = YES;
				ENABLE_TESTABILITY = YES;
				GCC_C_LANGUAGE_STANDARD = gnu11;
				GCC_DYNAMIC_NO_PIC = NO;
				GCC_NO_COMMON_BLOCKS = YES;
				GCC_OPTIMIZATION_LEVEL = 0;
				GCC_PREPROCESSOR_DEFINITIONS = (
					"DEBUG=1",
					"$(inherited)",
				);
				GCC_WARN_64_TO_32_BIT_CONVERSION = YES;
				GCC_WARN_ABOUT_RETURN_TYPE = YES_ERROR;
				GCC_WARN_UNDECLARED_SELECTOR = YES;
				GCC_WARN_UNINITIALIZED_AUTOS = YES_AGGRESSIVE;
				GCC_WARN_UNUSED_FUNCTION = YES;
				GCC_WARN_UNUSED_VARIABLE = YES;
				IPHONEOS_DEPLOYMENT_TARGET = 14.5;
				MTL_ENABLE_DEBUG_INFO = INCLUDE_SOURCE;
				MTL_FAST_MATH = YES;
				ONLY_ACTIVE_ARCH = YES;
				SDKROOT = iphoneos;
				SWIFT_ACTIVE_COMPILATION_CONDITIONS = DEBUG;
				SWIFT_OPTIMIZATION_LEVEL = "-Onone";
			};
			name = Debug;
		};
		C587B54B2660CE4A00E3DC3A /* Release */ = {
			isa = XCBuildConfiguration;
			buildSettings = {
				ALWAYS_SEARCH_USER_PATHS = NO;
				CLANG_ANALYZER_NONNULL = YES;
				CLANG_ANALYZER_NUMBER_OBJECT_CONVERSION = YES_AGGRESSIVE;
				CLANG_CXX_LANGUAGE_STANDARD = "gnu++14";
				CLANG_CXX_LIBRARY = "libc++";
				CLANG_ENABLE_MODULES = YES;
				CLANG_ENABLE_OBJC_ARC = YES;
				CLANG_ENABLE_OBJC_WEAK = YES;
				CLANG_WARN_BLOCK_CAPTURE_AUTORELEASING = YES;
				CLANG_WARN_BOOL_CONVERSION = YES;
				CLANG_WARN_COMMA = YES;
				CLANG_WARN_CONSTANT_CONVERSION = YES;
				CLANG_WARN_DEPRECATED_OBJC_IMPLEMENTATIONS = YES;
				CLANG_WARN_DIRECT_OBJC_ISA_USAGE = YES_ERROR;
				CLANG_WARN_DOCUMENTATION_COMMENTS = YES;
				CLANG_WARN_EMPTY_BODY = YES;
				CLANG_WARN_ENUM_CONVERSION = YES;
				CLANG_WARN_INFINITE_RECURSION = YES;
				CLANG_WARN_INT_CONVERSION = YES;
				CLANG_WARN_NON_LITERAL_NULL_CONVERSION = YES;
				CLANG_WARN_OBJC_IMPLICIT_RETAIN_SELF = YES;
				CLANG_WARN_OBJC_LITERAL_CONVERSION = YES;
				CLANG_WARN_OBJC_ROOT_CLASS = YES_ERROR;
				CLANG_WARN_QUOTED_INCLUDE_IN_FRAMEWORK_HEADER = YES;
				CLANG_WARN_RANGE_LOOP_ANALYSIS = YES;
				CLANG_WARN_STRICT_PROTOTYPES = YES;
				CLANG_WARN_SUSPICIOUS_MOVE = YES;
				CLANG_WARN_UNGUARDED_AVAILABILITY = YES_AGGRESSIVE;
				CLANG_WARN_UNREACHABLE_CODE = YES;
				CLANG_WARN__DUPLICATE_METHOD_MATCH = YES;
				COPY_PHASE_STRIP = NO;
				DEBUG_INFORMATION_FORMAT = "dwarf-with-dsym";
				ENABLE_NS_ASSERTIONS = NO;
				ENABLE_STRICT_OBJC_MSGSEND = YES;
				GCC_C_LANGUAGE_STANDARD = gnu11;
				GCC_NO_COMMON_BLOCKS = YES;
				GCC_WARN_64_TO_32_BIT_CONVERSION = YES;
				GCC_WARN_ABOUT_RETURN_TYPE = YES_ERROR;
				GCC_WARN_UNDECLARED_SELECTOR = YES;
				GCC_WARN_UNINITIALIZED_AUTOS = YES_AGGRESSIVE;
				GCC_WARN_UNUSED_FUNCTION = YES;
				GCC_WARN_UNUSED_VARIABLE = YES;
				IPHONEOS_DEPLOYMENT_TARGET = 14.5;
				MTL_ENABLE_DEBUG_INFO = NO;
				MTL_FAST_MATH = YES;
				SDKROOT = iphoneos;
				SWIFT_COMPILATION_MODE = wholemodule;
				SWIFT_OPTIMIZATION_LEVEL = "-O";
				VALIDATE_PRODUCT = YES;
			};
			name = Release;
		};
		C587B54D2660CE4A00E3DC3A /* Debug */ = {
			isa = XCBuildConfiguration;
			buildSettings = {
				ASSETCATALOG_COMPILER_APPICON_NAME = AppIcon;
				ASSETCATALOG_COMPILER_GLOBAL_ACCENT_COLOR_NAME = AccentColor;
				CODE_SIGN_STYLE = Automatic;
				DEVELOPMENT_ASSET_PATHS = "\"Buttons/Preview Content\"";
				DEVELOPMENT_TEAM = 869X86MAGC;
				ENABLE_PREVIEWS = YES;
				INFOPLIST_FILE = Buttons/Info.plist;
				IPHONEOS_DEPLOYMENT_TARGET = 14.0;
				LD_RUNPATH_SEARCH_PATHS = (
					"$(inherited)",
					"@executable_path/Frameworks",
				);
				PRODUCT_BUNDLE_IDENTIFIER = com.yogeshbhusara.Buttons;
				PRODUCT_NAME = "$(TARGET_NAME)";
				SWIFT_VERSION = 5.0;
				TARGETED_DEVICE_FAMILY = "1,2";
			};
			name = Debug;
		};
		C587B54E2660CE4A00E3DC3A /* Release */ = {
			isa = XCBuildConfiguration;
			buildSettings = {
				ASSETCATALOG_COMPILER_APPICON_NAME = AppIcon;
				ASSETCATALOG_COMPILER_GLOBAL_ACCENT_COLOR_NAME = AccentColor;
				CODE_SIGN_STYLE = Automatic;
				DEVELOPMENT_ASSET_PATHS = "\"Buttons/Preview Content\"";
				DEVELOPMENT_TEAM = 869X86MAGC;
				ENABLE_PREVIEWS = YES;
				INFOPLIST_FILE = Buttons/Info.plist;
				IPHONEOS_DEPLOYMENT_TARGET = 14.0;
				LD_RUNPATH_SEARCH_PATHS = (
					"$(inherited)",
					"@executable_path/Frameworks",
				);
				PRODUCT_BUNDLE_IDENTIFIER = com.yogeshbhusara.Buttons;
				PRODUCT_NAME = "$(TARGET_NAME)";
				SWIFT_VERSION = 5.0;
				TARGETED_DEVICE_FAMILY = "1,2";
			};
			name = Release;
		};
/* End XCBuildConfiguration section */

/* Begin XCConfigurationList section */
		C587B5382660CE4900E3DC3A /* Build configuration list for PBXProject "Buttons" */ = {
			isa = XCConfigurationList;
			buildConfigurations = (
				C587B54A2660CE4A00E3DC3A /* Debug */,
				C587B54B2660CE4A00E3DC3A /* Release */,
			);
			defaultConfigurationIsVisible = 0;
			defaultConfigurationName = Release;
		};
		C587B54C2660CE4A00E3DC3A /* Build configuration list for PBXNativeTarget "Buttons" */ = {
			isa = XCConfigurationList;
			buildConfigurations = (
				C587B54D2660CE4A00E3DC3A /* Debug */,
				C587B54E2660CE4A00E3DC3A /* Release */,
			);
			defaultConfigurationIsVisible = 0;
			defaultConfigurationName = Release;
		};
/* End XCConfigurationList section */
	};
	rootObject = C587B5352660CE4900E3DC3A /* Project object */;
}
